
Microsoft Visual Studio Solution File, Format Version 12.00
# Visual Studio Version 16
VisualStudioVersion = 16.0.29709.97
MinimumVisualStudioVersion = 10.0.40219.1
Project("{FAE04EC0-301F-11D3-BF4B-00C04F79EFBC}") = "MVCMovie", "MVCMovie.csproj", "{37A6F682-C4BA-4CB6-84C7-6BCF8CA17F1A}"
EndProject
Global
	GlobalSection(SolutionConfigurationPlatforms) = preSolution
		Debug|Any CPU = Debug|Any CPU
		Release|Any CPU = Release|Any CPU
	EndGlobalSection
	GlobalSection(ProjectConfigurationPlatforms) = postSolution
		{37A6F682-C4BA-4CB6-84C7-6BCF8CA17F1A}.Debug|Any CPU.ActiveCfg = Debug|Any CPU
		{37A6F682-C4BA-4CB6-84C7-6BCF8CA17F1A}.Debug|Any CPU.Build.0 = Debug|Any CPU
		{37A6F682-C4BA-4CB6-84C7-6BCF8CA17F1A}.Release|Any CPU.ActiveCfg = Release|Any CPU
		{37A6F682-C4BA-4CB6-84C7-6BCF8CA17F1A}.Release|Any CPU.Build.0 = Release|Any CPU
	EndGlobalSection
	GlobalSection(SolutionProperties) = preSolution
		HideSolutionNode = FALSE
	EndGlobalSection
	GlobalSection(ExtensibilityGlobals) = postSolution
		SolutionGuid = {1011FF09-3D1B-4F35-B20E-9743204E1321}
	EndGlobalSection
EndGlobal
